
Microsoft Visual Studio Solution File, Format Version 12.00
# Visual Studio Version 17
VisualStudioVersion = 17.13.35825.156
MinimumVisualStudioVersion = 10.0.40219.1
Project("{FAE04EC0-301F-11D3-BF4B-00C04F79EFBC}") = "mobile-exam", "mobile-exam\mobile-exam.csproj", "{4D889915-AC0F-4EA6-AA0E-5B75ECF51DA2}"
EndProject
Project("{2150E333-8FDC-42A3-9474-1A3956D46DE8}") = "Solution Items", "Solution Items", "{02EA681E-C7D8-13C7-8484-4AC65E1B71E8}"
	ProjectSection(SolutionItems) = preProject
		.editorconfig = .editorconfig
	EndProjectSection
EndProject
Project("{FAE04EC0-301F-11D3-BF4B-00C04F79EFBC}") = "APIWebMAUI", "APIWebMAUI\APIWebMAUI.csproj", "{F7D7B83D-0736-4825-ABE6-F8B728BFAC30}"
EndProject
Project("{FAE04EC0-301F-11D3-BF4B-00C04F79EFBC}") = "MobileExam.Entities", "MobileExam.Entities\MobileExam.Entities.csproj", "{BAA50EBE-1E42-4BBD-9806-D6E6C8C1CB26}"
EndProject
Global
	GlobalSection(SolutionConfigurationPlatforms) = preSolution
		Debug|Any CPU = Debug|Any CPU
		Release|Any CPU = Release|Any CPU
	EndGlobalSection
	GlobalSection(ProjectConfigurationPlatforms) = postSolution
		{4D889915-AC0F-4EA6-AA0E-5B75ECF51DA2}.Debug|Any CPU.ActiveCfg = Debug|Any CPU
		{4D889915-AC0F-4EA6-AA0E-5B75ECF51DA2}.Debug|Any CPU.Build.0 = Debug|Any CPU
		{4D889915-AC0F-4EA6-AA0E-5B75ECF51DA2}.Debug|Any CPU.Deploy.0 = Debug|Any CPU
		{4D889915-AC0F-4EA6-AA0E-5B75ECF51DA2}.Release|Any CPU.ActiveCfg = Release|Any CPU
		{4D889915-AC0F-4EA6-AA0E-5B75ECF51DA2}.Release|Any CPU.Build.0 = Release|Any CPU
		{F7D7B83D-0736-4825-ABE6-F8B728BFAC30}.Debug|Any CPU.ActiveCfg = Debug|Any CPU
		{F7D7B83D-0736-4825-ABE6-F8B728BFAC30}.Debug|Any CPU.Build.0 = Debug|Any CPU
		{F7D7B83D-0736-4825-ABE6-F8B728BFAC30}.Release|Any CPU.ActiveCfg = Release|Any CPU
		{F7D7B83D-0736-4825-ABE6-F8B728BFAC30}.Release|Any CPU.Build.0 = Release|Any CPU
		{BAA50EBE-1E42-4BBD-9806-D6E6C8C1CB26}.Debug|Any CPU.ActiveCfg = Debug|Any CPU
		{BAA50EBE-1E42-4BBD-9806-D6E6C8C1CB26}.Debug|Any CPU.Build.0 = Debug|Any CPU
		{BAA50EBE-1E42-4BBD-9806-D6E6C8C1CB26}.Release|Any CPU.ActiveCfg = Release|Any CPU
		{BAA50EBE-1E42-4BBD-9806-D6E6C8C1CB26}.Release|Any CPU.Build.0 = Release|Any CPU
	EndGlobalSection
	GlobalSection(SolutionProperties) = preSolution
		HideSolutionNode = FALSE
	EndGlobalSection
	GlobalSection(ExtensibilityGlobals) = postSolution
		SolutionGuid = {85307395-E05C-4AE7-9AA9-94C5CAA6BB47}
	EndGlobalSection
EndGlobal
